
Microsoft Visual Studio Solution File, Format Version 12.00
# Visual Studio Version 16
VisualStudioVersion = 16.0.29306.81
MinimumVisualStudioVersion = 10.0.40219.1
Project("{9A19103F-16F7-4668-BE54-9A1E7A4F7556}") = "PublicAPI.Functions", "PublicAPI.Functions\PublicAPI.Functions.csproj", "{3F609D66-77E8-4D44-B978-A601E7FC016A}"
EndProject
Project("{FAE04EC0-301F-11D3-BF4B-00C04F79EFBC}") = "PublicAPI.Tests", "PublicAPI.Tests\PublicAPI.Tests.csproj", "{8F2E81AC-282C-4F93-BD93-E5B7A259F8C5}"
EndProject
Global
	GlobalSection(SolutionConfigurationPlatforms) = preSolution
		Debug|Any CPU = Debug|Any CPU
		Release|Any CPU = Release|Any CPU
	EndGlobalSection
	GlobalSection(ProjectConfigurationPlatforms) = postSolution
		{3F609D66-77E8-4D44-B978-A601E7FC016A}.Debug|Any CPU.ActiveCfg = Debug|Any CPU
		{3F609D66-77E8-4D44-B978-A601E7FC016A}.Debug|Any CPU.Build.0 = Debug|Any CPU
		{3F609D66-77E8-4D44-B978-A601E7FC016A}.Release|Any CPU.ActiveCfg = Release|Any CPU
		{3F609D66-77E8-4D44-B978-A601E7FC016A}.Release|Any CPU.Build.0 = Release|Any CPU
		{8F2E81AC-282C-4F93-BD93-E5B7A259F8C5}.Debug|Any CPU.ActiveCfg = Debug|Any CPU
		{8F2E81AC-282C-4F93-BD93-E5B7A259F8C5}.Debug|Any CPU.Build.0 = Debug|Any CPU
		{8F2E81AC-282C-4F93-BD93-E5B7A259F8C5}.Release|Any CPU.ActiveCfg = Release|Any CPU
		{8F2E81AC-282C-4F93-BD93-E5B7A259F8C5}.Release|Any CPU.Build.0 = Release|Any CPU
	EndGlobalSection
	GlobalSection(SolutionProperties) = preSolution
		HideSolutionNode = FALSE
	EndGlobalSection
	GlobalSection(ExtensibilityGlobals) = postSolution
		SolutionGuid = {073A00AC-82CD-4F59-813C-AD6A1EDC2497}
	EndGlobalSection
EndGlobal
